
Microsoft Visual Studio Solution File, Format Version 12.00
# Visual Studio Version 16
VisualStudioVersion = 16.0.30114.105
MinimumVisualStudioVersion = 10.0.40219.1
Project("{FAE04EC0-301F-11D3-BF4B-00C04F79EFBC}") = "MyClassLibrary", "MyClassLibrary\MyClassLibrary.csproj", "{254CEBEC-B21E-4BFB-B68F-1C28CC34A022}"
EndProject
Project("{FAE04EC0-301F-11D3-BF4B-00C04F79EFBC}") = "Zadacha_60", "Zadacha_60\Zadacha_60.csproj", "{9FF69094-74A4-4C8B-9F55-91CAE38C2958}"
EndProject
Project("{FAE04EC0-301F-11D3-BF4B-00C04F79EFBC}") = "Zadacha_58", "Zadacha_58\Zadacha_58.csproj", "{4C8076A6-B202-470E-8418-39E950672693}"
EndProject
Project("{FAE04EC0-301F-11D3-BF4B-00C04F79EFBC}") = "Zadacha_62", "Zadacha_62\Zadacha_62.csproj", "{593AF8B0-A553-4285-AE9B-FC94D69BF0A5}"
EndProject
Project("{FAE04EC0-301F-11D3-BF4B-00C04F79EFBC}") = "Zadacha_54", "Zadacha_54\Zadacha_54.csproj", "{981120C5-B043-4DBE-A50B-FBD42992BEAF}"
EndProject
Project("{FAE04EC0-301F-11D3-BF4B-00C04F79EFBC}") = "NoMyLibrary", "NoMyLibrary\NoMyLibrary.csproj", "{2E03BCF6-DFEF-4540-97A2-77911821990F}"
EndProject
Global
	GlobalSection(SolutionConfigurationPlatforms) = preSolution
		Debug|Any CPU = Debug|Any CPU
		Release|Any CPU = Release|Any CPU
	EndGlobalSection
	GlobalSection(SolutionProperties) = preSolution
		HideSolutionNode = FALSE
	EndGlobalSection
	GlobalSection(ProjectConfigurationPlatforms) = postSolution
		{254CEBEC-B21E-4BFB-B68F-1C28CC34A022}.Debug|Any CPU.ActiveCfg = Debug|Any CPU
		{254CEBEC-B21E-4BFB-B68F-1C28CC34A022}.Debug|Any CPU.Build.0 = Debug|Any CPU
		{254CEBEC-B21E-4BFB-B68F-1C28CC34A022}.Release|Any CPU.ActiveCfg = Release|Any CPU
		{254CEBEC-B21E-4BFB-B68F-1C28CC34A022}.Release|Any CPU.Build.0 = Release|Any CPU
		{9FF69094-74A4-4C8B-9F55-91CAE38C2958}.Debug|Any CPU.ActiveCfg = Debug|Any CPU
		{9FF69094-74A4-4C8B-9F55-91CAE38C2958}.Debug|Any CPU.Build.0 = Debug|Any CPU
		{9FF69094-74A4-4C8B-9F55-91CAE38C2958}.Release|Any CPU.ActiveCfg = Release|Any CPU
		{9FF69094-74A4-4C8B-9F55-91CAE38C2958}.Release|Any CPU.Build.0 = Release|Any CPU
		{4C8076A6-B202-470E-8418-39E950672693}.Debug|Any CPU.ActiveCfg = Debug|Any CPU
		{4C8076A6-B202-470E-8418-39E950672693}.Debug|Any CPU.Build.0 = Debug|Any CPU
		{4C8076A6-B202-470E-8418-39E950672693}.Release|Any CPU.ActiveCfg = Release|Any CPU
		{4C8076A6-B202-470E-8418-39E950672693}.Release|Any CPU.Build.0 = Release|Any CPU
		{593AF8B0-A553-4285-AE9B-FC94D69BF0A5}.Debug|Any CPU.ActiveCfg = Debug|Any CPU
		{593AF8B0-A553-4285-AE9B-FC94D69BF0A5}.Debug|Any CPU.Build.0 = Debug|Any CPU
		{593AF8B0-A553-4285-AE9B-FC94D69BF0A5}.Release|Any CPU.ActiveCfg = Release|Any CPU
		{593AF8B0-A553-4285-AE9B-FC94D69BF0A5}.Release|Any CPU.Build.0 = Release|Any CPU
		{981120C5-B043-4DBE-A50B-FBD42992BEAF}.Debug|Any CPU.ActiveCfg = Debug|Any CPU
		{981120C5-B043-4DBE-A50B-FBD42992BEAF}.Debug|Any CPU.Build.0 = Debug|Any CPU
		{981120C5-B043-4DBE-A50B-FBD42992BEAF}.Release|Any CPU.ActiveCfg = Release|Any CPU
		{981120C5-B043-4DBE-A50B-FBD42992BEAF}.Release|Any CPU.Build.0 = Release|Any CPU
		{7EE8254F-E389-448A-964F-5793C0A4B9AE}.Debug|Any CPU.ActiveCfg = Debug|Any CPU
		{7EE8254F-E389-448A-964F-5793C0A4B9AE}.Debug|Any CPU.Build.0 = Debug|Any CPU
		{7EE8254F-E389-448A-964F-5793C0A4B9AE}.Release|Any CPU.ActiveCfg = Release|Any CPU
		{7EE8254F-E389-448A-964F-5793C0A4B9AE}.Release|Any CPU.Build.0 = Release|Any CPU
		{2E03BCF6-DFEF-4540-97A2-77911821990F}.Debug|Any CPU.ActiveCfg = Debug|Any CPU
		{2E03BCF6-DFEF-4540-97A2-77911821990F}.Debug|Any CPU.Build.0 = Debug|Any CPU
		{2E03BCF6-DFEF-4540-97A2-77911821990F}.Release|Any CPU.ActiveCfg = Release|Any CPU
		{2E03BCF6-DFEF-4540-97A2-77911821990F}.Release|Any CPU.Build.0 = Release|Any CPU
	EndGlobalSection
EndGlobal
